// !$*UTF8*$!
{
	archiveVersion = 1;
	classes = {
	};
	objectVersion = 51;
	objects = {

/* Begin PBXBuildFile section */
		827527DF2487B66700463E95 /* AppDelegate.swift in Sources */ = {isa = PBXBuildFile; fileRef = 827527DE2487B66700463E95 /* AppDelegate.swift */; };
		827527E12487B66700463E95 /* SceneDelegate.swift in Sources */ = {isa = PBXBuildFile; fileRef = 827527E02487B66700463E95 /* SceneDelegate.swift */; };
		827527E32487B66700463E95 /* r.swift in Sources */ = {isa = PBXBuildFile; fileRef = 827527E22487B66700463E95 /* r.swift */; };
		827527E62487B66700463E95 /* Main.storyboard in Resources */ = {isa = PBXBuildFile; fileRef = 827527E42487B66700463E95 /* Main.storyboard */; };
		827527E82487B66800463E95 /* Assets.xcassets in Resources */ = {isa = PBXBuildFile; fileRef = 827527E72487B66800463E95 /* Assets.xcassets */; };
		827527EB2487B66800463E95 /* LaunchScreen.storyboard in Resources */ = {isa = PBXBuildFile; fileRef = 827527E92487B66800463E95 /* LaunchScreen.storyboard */; };
		82C3C45E2487B821007EB188 /* 1.json in Resources */ = {isa = PBXBuildFile; fileRef = 82C3C45D2487B821007EB188 /* 1.json */; };
		82C3C4602487BE06007EB188 /* 2.json in Resources */ = {isa = PBXBuildFile; fileRef = 82C3C45F2487BE06007EB188 /* 2.json */; };
		82C3C4642487BE6C007EB188 /* 3.json in Resources */ = {isa = PBXBuildFile; fileRef = 82C3C4622487BE6C007EB188 /* 3.json */; };
		82D989E32487BF9E00639D8E /* 4.json in Resources */ = {isa = PBXBuildFile; fileRef = 82D989E22487BF9E00639D8E /* 4.json */; };
		82D989E52487BFCE00639D8E /* 5.json in Resources */ = {isa = PBXBuildFile; fileRef = 82D989E42487BFCE00639D8E /* 5.json */; };
		ECA682040194FA7813F7EBD3 /* Pods_Swift5SetsumeiApp.framework in Frameworks */ = {isa = PBXBuildFile; fileRef = 1F217C5D355C66086DEB0293 /* Pods_Swift5SetsumeiApp.framework */; };
/* End PBXBuildFile section */

/* Begin PBXFileReference section */
		1F217C5D355C66086DEB0293 /* Pods_Swift5SetsumeiApp.framework */ = {isa = PBXFileReference; explicitFileType = wrapper.framework; includeInIndex = 0; path = Pods_Swift5SetsumeiApp.framework; sourceTree = BUILT_PRODUCTS_DIR; };
		813AEB06AF8219975A520B0C /* Pods-Swift5SetsumeiApp.debug.xcconfig */ = {isa = PBXFileReference; includeInIndex = 1; lastKnownFileType = text.xcconfig; name = "Pods-Swift5SetsumeiApp.debug.xcconfig"; path = "Target Support Files/Pods-Swift5SetsumeiApp/Pods-Swift5SetsumeiApp.debug.xcconfig"; sourceTree = "<group>"; };
		827527DB2487B66700463E95 /* Swift5SetsumeiApp.app */ = {isa = PBXFileReference; explicitFileType = wrapper.application; includeInIndex = 0; path = Swift5SetsumeiApp.app; sourceTree = BUILT_PRODUCTS_DIR; };
		827527DE2487B66700463E95 /* AppDelegate.swift */ = {isa = PBXFileReference; lastKnownFileType = sourcecode.swift; path = AppDelegate.swift; sourceTree = "<group>"; };
		827527E02487B66700463E95 /* SceneDelegate.swift */ = {isa = PBXFileReference; lastKnownFileType = sourcecode.swift; path = SceneDelegate.swift; sourceTree = "<group>"; };
		827527E22487B66700463E95 /* r.swift */ = {isa = PBXFileReference; lastKnownFileType = sourcecode.swift; path = r.swift; sourceTree = "<group>"; };
		827527E52487B66700463E95 /* Base */ = {isa = PBXFileReference; lastKnownFileType = file.storyboard; name = Base; path = Base.lproj/Main.storyboard; sourceTree = "<group>"; };
		827527E72487B66800463E95 /* Assets.xcassets */ = {isa = PBXFileReference; lastKnownFileType = folder.assetcatalog; path = Assets.xcassets; sourceTree = "<group>"; };
		827527EA2487B66800463E95 /* Base */ = {isa = PBXFileReference; lastKnownFileType = file.storyboard; name = Base; path = Base.lproj/LaunchScreen.storyboard; sourceTree = "<group>"; };
		827527EC2487B66800463E95 /* Info.plist */ = {isa = PBXFileReference; lastKnownFileType = text.plist.xml; path = Info.plist; sourceTree = "<group>"; };
		82C3C45D2487B821007EB188 /* 1.json */ = {isa = PBXFileReference; fileEncoding = 4; lastKnownFileType = text.json; path = 1.json; sourceTree = "<group>"; };
		82C3C45F2487BE06007EB188 /* 2.json */ = {isa = PBXFileReference; fileEncoding = 4; lastKnownFileType = text.json; path = 2.json; sourceTree = "<group>"; };
		82C3C4622487BE6C007EB188 /* 3.json */ = {isa = PBXFileReference; fileEncoding = 4; lastKnownFileType = text.json; path = 3.json; sourceTree = "<group>"; };
		82D989E22487BF9E00639D8E /* 4.json */ = {isa = PBXFileReference; fileEncoding = 4; lastKnownFileType = text.json; path = 4.json; sourceTree = "<group>"; };
		82D989E42487BFCE00639D8E /* 5.json */ = {isa = PBXFileReference; fileEncoding = 4; lastKnownFileType = text.json; path = 5.json; sourceTree = "<group>"; };
		B77DE5ECE17F37A86411DBFB /* Pods-Swift5SetsumeiApp.release.xcconfig */ = {isa = PBXFileReference; includeInIndex = 1; lastKnownFileType = text.xcconfig; name = "Pods-Swift5SetsumeiApp.release.xcconfig"; path = "Target Support Files/Pods-Swift5SetsumeiApp/Pods-Swift5SetsumeiApp.release.xcconfig"; sourceTree = "<group>"; };
/* End PBXFileReference section */

/* Begin PBXFrameworksBuildPhase section */
		827527D82487B66700463E95 /* Frameworks */ = {
			isa = PBXFrameworksBuildPhase;
			buildActionMask = 2147483647;
			files = (
				ECA682040194FA7813F7EBD3 /* Pods_Swift5SetsumeiApp.framework in Frameworks */,
			);
			runOnlyForDeploymentPostprocessing = 0;
		};
/* End PBXFrameworksBuildPhase section */

/* Begin PBXGroup section */
		640964CA95F6FEDBD16FBC15 /* Frameworks */ = {
			isa = PBXGroup;
			children = (
				1F217C5D355C66086DEB0293 /* Pods_Swift5SetsumeiApp.framework */,
			);
			name = Frameworks;
			sourceTree = "<group>";
		};
		827527D22487B66700463E95 = {
			isa = PBXGroup;
			children = (
				827527DD2487B66700463E95 /* Swift5SetsumeiApp */,
				827527DC2487B66700463E95 /* Products */,
				85DF03D44315284509584184 /* Pods */,
				640964CA95F6FEDBD16FBC15 /* Frameworks */,
			);
			sourceTree = "<group>";
		};
		827527DC2487B66700463E95 /* Products */ = {
			isa = PBXGroup;
			children = (
				827527DB2487B66700463E95 /* Swift5SetsumeiApp.app */,
			);
			name = Products;
			sourceTree = "<group>";
		};
		827527DD2487B66700463E95 /* Swift5SetsumeiApp */ = {
			isa = PBXGroup;
			children = (
				827527DE2487B66700463E95 /* AppDelegate.swift */,
				827527E02487B66700463E95 /* SceneDelegate.swift */,
				82C3C45D2487B821007EB188 /* 1.json */,
				82C3C45F2487BE06007EB188 /* 2.json */,
				82C3C4622487BE6C007EB188 /* 3.json */,
				82D989E22487BF9E00639D8E /* 4.json */,
				82D989E42487BFCE00639D8E /* 5.json */,
				827527E22487B66700463E95 /* r.swift */,
				827527E42487B66700463E95 /* Main.storyboard */,
				827527E72487B66800463E95 /* Assets.xcassets */,
				827527E92487B66800463E95 /* LaunchScreen.storyboard */,
				827527EC2487B66800463E95 /* Info.plist */,
			);
			path = Swift5SetsumeiApp;
			sourceTree = "<group>";
		};
		85DF03D44315284509584184 /* Pods */ = {
			isa = PBXGroup;
			children = (
				813AEB06AF8219975A520B0C /* Pods-Swift5SetsumeiApp.debug.xcconfig */,
				B77DE5ECE17F37A86411DBFB /* Pods-Swift5SetsumeiApp.release.xcconfig */,
			);
			path = Pods;
			sourceTree = "<group>";
		};
/* End PBXGroup section */

/* Begin PBXNativeTarget section */
		827527DA2487B66700463E95 /* Swift5SetsumeiApp */ = {
			isa = PBXNativeTarget;
			buildConfigurationList = 827527EF2487B66800463E95 /* Build configuration list for PBXNativeTarget "Swift5SetsumeiApp" */;
			buildPhases = (
				95B9FFE4E9710B17E36DA9B4 /* [CP] Check Pods Manifest.lock */,
				827527D72487B66700463E95 /* Sources */,
				827527D82487B66700463E95 /* Frameworks */,
				827527D92487B66700463E95 /* Resources */,
				BED6E8A038B07CD8C4E53C34 /* [CP] Embed Pods Frameworks */,
			);
			buildRules = (
			);
			dependencies = (
			);
			name = Swift5SetsumeiApp;
			productName = Swift5SetsumeiApp;
			productReference = 827527DB2487B66700463E95 /* Swift5SetsumeiApp.app */;
			productType = "com.apple.product-type.application";
		};
/* End PBXNativeTarget section */

/* Begin PBXProject section */
		827527D32487B66700463E95 /* Project object */ = {
			isa = PBXProject;
			attributes = {
				LastSwiftUpdateCheck = 1150;
				LastUpgradeCheck = 1150;
				ORGANIZATIONNAME = "Makoto Shibata";
				TargetAttributes = {
					827527DA2487B66700463E95 = {
						CreatedOnToolsVersion = 11.5;
					};
				};
			};
			buildConfigurationList = 827527D62487B66700463E95 /* Build configuration list for PBXProject "Swift5SetsumeiApp" */;
			compatibilityVersion = "Xcode 9.3";
			developmentRegion = en;
			hasScannedForEncodings = 0;
			knownRegions = (
				en,
				Base,
			);
			mainGroup = 827527D22487B66700463E95;
			productRefGroup = 827527DC2487B66700463E95 /* Products */;
			projectDirPath = "";
			projectRoot = "";
			targets = (
				827527DA2487B66700463E95 /* Swift5SetsumeiApp */,
			);
		};
/* End PBXProject section */

/* Begin PBXResourcesBuildPhase section */
		827527D92487B66700463E95 /* Resources */ = {
			isa = PBXResourcesBuildPhase;
			buildActionMask = 2147483647;
			files = (
				82C3C4642487BE6C007EB188 /* 3.json in Resources */,
				827527EB2487B66800463E95 /* LaunchScreen.storyboard in Resources */,
				82D989E32487BF9E00639D8E /* 4.json in Resources */,
				82D989E52487BFCE00639D8E /* 5.json in Resources */,
				82C3C4602487BE06007EB188 /* 2.json in Resources */,
				827527E82487B66800463E95 /* Assets.xcassets in Resources */,
				827527E62487B66700463E95 /* Main.storyboard in Resources */,
				82C3C45E2487B821007EB188 /* 1.json in Resources */,
			);
			runOnlyForDeploymentPostprocessing = 0;
		};
/* End PBXResourcesBuildPhase section */

/* Begin PBXShellScriptBuildPhase section */
		95B9FFE4E9710B17E36DA9B4 /* [CP] Check Pods Manifest.lock */ = {
			isa = PBXShellScriptBuildPhase;
			buildActionMask = 2147483647;
			files = (
			);
			inputFileListPaths = (
			);
			inputPaths = (
				"${PODS_PODFILE_DIR_PATH}/Podfile.lock",
				"${PODS_ROOT}/Manifest.lock",
			);
			name = "[CP] Check Pods Manifest.lock";
			outputFileListPaths = (
			);
			outputPaths = (
				"$(DERIVED_FILE_DIR)/Pods-Swift5SetsumeiApp-checkManifestLockResult.txt",
			);
			runOnlyForDeploymentPostprocessing = 0;
			shellPath = /bin/sh;
			shellScript = "diff \"${PODS_PODFILE_DIR_PATH}/Podfile.lock\" \"${PODS_ROOT}/Manifest.lock\" > /dev/null\nif [ $? != 0 ] ; then\n    # print error to STDERR\n    echo \"error: The sandbox is not in sync with the Podfile.lock. Run 'pod install' or update your CocoaPods installation.\" >&2\n    exit 1\nfi\n# This output is used by Xcode 'outputs' to avoid re-running this script phase.\necho \"SUCCESS\" > \"${SCRIPT_OUTPUT_FILE_0}\"\n";
			showEnvVarsInLog = 0;
		};
		BED6E8A038B07CD8C4E53C34 /* [CP] Embed Pods Frameworks */ = {
			isa = PBXShellScriptBuildPhase;
			buildActionMask = 2147483647;
			files = (
			);
			inputFileListPaths = (
				"${PODS_ROOT}/Target Support Files/Pods-Swift5SetsumeiApp/Pods-Swift5SetsumeiApp-frameworks-${CONFIGURATION}-input-files.xcfilelist",
			);
			name = "[CP] Embed Pods Frameworks";
			outputFileListPaths = (
				"${PODS_ROOT}/Target Support Files/Pods-Swift5SetsumeiApp/Pods-Swift5SetsumeiApp-frameworks-${CONFIGURATION}-output-files.xcfilelist",
			);
			runOnlyForDeploymentPostprocessing = 0;
			shellPath = /bin/sh;
			shellScript = "\"${PODS_ROOT}/Target Support Files/Pods-Swift5SetsumeiApp/Pods-Swift5SetsumeiApp-frameworks.sh\"\n";
			showEnvVarsInLog = 0;
		};
/* End PBXShellScriptBuildPhase section */

/* Begin PBXSourcesBuildPhase section */
		827527D72487B66700463E95 /* Sources */ = {
			isa = PBXSourcesBuildPhase;
			buildActionMask = 2147483647;
			files = (
				827527E32487B66700463E95 /* r.swift in Sources */,
				827527DF2487B66700463E95 /* AppDelegate.swift in Sources */,
				827527E12487B66700463E95 /* SceneDelegate.swift in Sources */,
			);
			runOnlyForDeploymentPostprocessing = 0;
		};
/* End PBXSourcesBuildPhase section */

/* Begin PBXVariantGroup section */
		827527E42487B66700463E95 /* Main.storyboard */ = {
			isa = PBXVariantGroup;
			children = (
				827527E52487B66700463E95 /* Base */,
			);
			name = Main.storyboard;
			sourceTree = "<group>";
		};
		827527E92487B66800463E95 /* LaunchScreen.storyboard */ = {
			isa = PBXVariantGroup;
			children = (
				827527EA2487B66800463E95 /* Base */,
			);
			name = LaunchScreen.storyboard;
			sourceTree = "<group>";
		};
/* End PBXVariantGroup section */

/* Begin XCBuildConfiguration section */
		827527ED2487B66800463E95 /* Debug */ = {
			isa = XCBuildConfiguration;
			buildSettings = {
				ALWAYS_SEARCH_USER_PATHS = NO;
				CLANG_ANALYZER_NONNULL = YES;
				CLANG_ANALYZER_NUMBER_OBJECT_CONVERSION = YES_AGGRESSIVE;
				CLANG_CXX_LANGUAGE_STANDARD = "gnu++14";
				CLANG_CXX_LIBRARY = "libc++";
				CLANG_ENABLE_MODULES = YES;
				CLANG_ENABLE_OBJC_ARC = YES;
				CLANG_ENABLE_OBJC_WEAK = YES;
				CLANG_WARN_BLOCK_CAPTURE_AUTORELEASING = YES;
				CLANG_WARN_BOOL_CONVERSION = YES;
				CLANG_WARN_COMMA = YES;
				CLANG_WARN_CONSTANT_CONVERSION = YES;
				CLANG_WARN_DEPRECATED_OBJC_IMPLEMENTATIONS = YES;
				CLANG_WARN_DIRECT_OBJC_ISA_USAGE = YES_ERROR;
				CLANG_WARN_DOCUMENTATION_COMMENTS = YES;
				CLANG_WARN_EMPTY_BODY = YES;
				CLANG_WARN_ENUM_CONVERSION = YES;
				CLANG_WARN_INFINITE_RECURSION = YES;
				CLANG_WARN_INT_CONVERSION = YES;
				CLANG_WARN_NON_LITERAL_NULL_CONVERSION = YES;
				CLANG_WARN_OBJC_IMPLICIT_RETAIN_SELF = YES;
				CLANG_WARN_OBJC_LITERAL_CONVERSION = YES;
				CLANG_WARN_OBJC_ROOT_CLASS = YES_ERROR;
				CLANG_WARN_RANGE_LOOP_ANALYSIS = YES;
				CLANG_WARN_STRICT_PROTOTYPES = YES;
				CLANG_WARN_SUSPICIOUS_MOVE = YES;
				CLANG_WARN_UNGUARDED_AVAILABILITY = YES_AGGRESSIVE;
				CLANG_WARN_UNREACHABLE_CODE = YES;
				CLANG_WARN__DUPLICATE_METHOD_MATCH = YES;
				COPY_PHASE_STRIP = NO;
				DEBUG_INFORMATION_FORMAT = dwarf;
				ENABLE_STRICT_OBJC_MSGSEND = YES;
				ENABLE_TESTABILITY = YES;
				GCC_C_LANGUAGE_STANDARD = gnu11;
				GCC_DYNAMIC_NO_PIC = NO;
				GCC_NO_COMMON_BLOCKS = YES;
				GCC_OPTIMIZATION_LEVEL = 0;
				GCC_PREPROCESSOR_DEFINITIONS = (
					"DEBUG=1",
					"$(inherited)",
				);
				GCC_WARN_64_TO_32_BIT_CONVERSION = YES;
				GCC_WARN_ABOUT_RETURN_TYPE = YES_ERROR;
				GCC_WARN_UNDECLARED_SELECTOR = YES;
				GCC_WARN_UNINITIALIZED_AUTOS = YES_AGGRESSIVE;
				GCC_WARN_UNUSED_FUNCTION = YES;
				GCC_WARN_UNUSED_VARIABLE = YES;
				IPHONEOS_DEPLOYMENT_TARGET = 13.5;
				MTL_ENABLE_DEBUG_INFO = INCLUDE_SOURCE;
				MTL_FAST_MATH = YES;
				ONLY_ACTIVE_ARCH = YES;
				SDKROOT = iphoneos;
				SWIFT_ACTIVE_COMPILATION_CONDITIONS = DEBUG;
				SWIFT_OPTIMIZATION_LEVEL = "-Onone";
			};
			name = Debug;
		};
		827527EE2487B66800463E95 /* Release */ = {
			isa = XCBuildConfiguration;
			buildSettings = {
				ALWAYS_SEARCH_USER_PATHS = NO;
				CLANG_ANALYZER_NONNULL = YES;
				CLANG_ANALYZER_NUMBER_OBJECT_CONVERSION = YES_AGGRESSIVE;
				CLANG_CXX_LANGUAGE_STANDARD = "gnu++14";
				CLANG_CXX_LIBRARY = "libc++";
				CLANG_ENABLE_MODULES = YES;
				CLANG_ENABLE_OBJC_ARC = YES;
				CLANG_ENABLE_OBJC_WEAK = YES;
				CLANG_WARN_BLOCK_CAPTURE_AUTORELEASING = YES;
				CLANG_WARN_BOOL_CONVERSION = YES;
				CLANG_WARN_COMMA = YES;
				CLANG_WARN_CONSTANT_CONVERSION = YES;
				CLANG_WARN_DEPRECATED_OBJC_IMPLEMENTATIONS = YES;
				CLANG_WARN_DIRECT_OBJC_ISA_USAGE = YES_ERROR;
				CLANG_WARN_DOCUMENTATION_COMMENTS = YES;
				CLANG_WARN_EMPTY_BODY = YES;
				CLANG_WARN_ENUM_CONVERSION = YES;
				CLANG_WARN_INFINITE_RECURSION = YES;
				CLANG_WARN_INT_CONVERSION = YES;
				CLANG_WARN_NON_LITERAL_NULL_CONVERSION = YES;
				CLANG_WARN_OBJC_IMPLICIT_RETAIN_SELF = YES;
				CLANG_WARN_OBJC_LITERAL_CONVERSION = YES;
				CLANG_WARN_OBJC_ROOT_CLASS = YES_ERROR;
				CLANG_WARN_RANGE_LOOP_ANALYSIS = YES;
				CLANG_WARN_STRICT_PROTOTYPES = YES;
				CLANG_WARN_SUSPICIOUS_MOVE = YES;
				CLANG_WARN_UNGUARDED_AVAILABILITY = YES_AGGRESSIVE;
				CLANG_WARN_UNREACHABLE_CODE = YES;
				CLANG_WARN__DUPLICATE_METHOD_MATCH = YES;
				COPY_PHASE_STRIP = NO;
				DEBUG_INFORMATION_FORMAT = "dwarf-with-dsym";
				ENABLE_NS_ASSERTIONS = NO;
				ENABLE_STRICT_OBJC_MSGSEND = YES;
				GCC_C_LANGUAGE_STANDARD = gnu11;
				GCC_NO_COMMON_BLOCKS = YES;
				GCC_WARN_64_TO_32_BIT_CONVERSION = YES;
				GCC_WARN_ABOUT_RETURN_TYPE = YES_ERROR;
				GCC_WARN_UNDECLARED_SELECTOR = YES;
				GCC_WARN_UNINITIALIZED_AUTOS = YES_AGGRESSIVE;
				GCC_WARN_UNUSED_FUNCTION = YES;
				GCC_WARN_UNUSED_VARIABLE = YES;
				IPHONEOS_DEPLOYMENT_TARGET = 13.5;
				MTL_ENABLE_DEBUG_INFO = NO;
				MTL_FAST_MATH = YES;
				SDKROOT = iphoneos;
				SWIFT_COMPILATION_MODE = wholemodule;
				SWIFT_OPTIMIZATION_LEVEL = "-O";
				VALIDATE_PRODUCT = YES;
			};
			name = Release;
		};
		827527F02487B66800463E95 /* Debug */ = {
			isa = XCBuildConfiguration;
			baseConfigurationReference = 813AEB06AF8219975A520B0C /* Pods-Swift5SetsumeiApp.debug.xcconfig */;
			buildSettings = {
				ASSETCATALOG_COMPILER_APPICON_NAME = AppIcon;
				CODE_SIGN_STYLE = Automatic;
				DEVELOPMENT_TEAM = KHJQ79WF55;
				INFOPLIST_FILE = Swift5SetsumeiApp/Info.plist;
				LD_RUNPATH_SEARCH_PATHS = (
					"$(inherited)",
					"@executable_path/Frameworks",
				);
				PRODUCT_BUNDLE_IDENTIFIER = com.makoto.Swift5SetsumeiApp;
				PRODUCT_NAME = "$(TARGET_NAME)";
				SWIFT_VERSION = 5.0;
				TARGETED_DEVICE_FAMILY = "1,2";
			};
			name = Debug;
		};
		827527F12487B66800463E95 /* Release */ = {
			isa = XCBuildConfiguration;
			baseConfigurationReference = B77DE5ECE17F37A86411DBFB /* Pods-Swift5SetsumeiApp.release.xcconfig */;
			buildSettings = {
				ASSETCATALOG_COMPILER_APPICON_NAME = AppIcon;
				CODE_SIGN_STYLE = Automatic;
				DEVELOPMENT_TEAM = KHJQ79WF55;
				INFOPLIST_FILE = Swift5SetsumeiApp/Info.plist;
				LD_RUNPATH_SEARCH_PATHS = (
					"$(inherited)",
					"@executable_path/Frameworks",
				);
				PRODUCT_BUNDLE_IDENTIFIER = com.makoto.Swift5SetsumeiApp;
				PRODUCT_NAME = "$(TARGET_NAME)";
				SWIFT_VERSION = 5.0;
				TARGETED_DEVICE_FAMILY = "1,2";
			};
			name = Release;
		};
/* End XCBuildConfiguration section */

/* Begin XCConfigurationList section */
		827527D62487B66700463E95 /* Build configuration list for PBXProject "Swift5SetsumeiApp" */ = {
			isa = XCConfigurationList;
			buildConfigurations = (
				827527ED2487B66800463E95 /* Debug */,
				827527EE2487B66800463E95 /* Release */,
			);
			defaultConfigurationIsVisible = 0;
			defaultConfigurationName = Release;
		};
		827527EF2487B66800463E95 /* Build configuration list for PBXNativeTarget "Swift5SetsumeiApp" */ = {
			isa = XCConfigurationList;
			buildConfigurations = (
				827527F02487B66800463E95 /* Debug */,
				827527F12487B66800463E95 /* Release */,
			);
			defaultConfigurationIsVisible = 0;
			defaultConfigurationName = Release;
		};
/* End XCConfigurationList section */
	};
	rootObject = 827527D32487B66700463E95 /* Project object */;
}
